
Microsoft Visual Studio Solution File, Format Version 12.00
# Visual Studio Version 17
VisualStudioVersion = 17.0.32014.148
MinimumVisualStudioVersion = 10.0.40219.1
Project("{FAE04EC0-301F-11D3-BF4B-00C04F79EFBC}") = "01. Cinema", "..\01. Cinema\01. Cinema.csproj", "{F03C5AFE-286E-492F-8AF5-9D9E848830AC}"
EndProject
Project("{FAE04EC0-301F-11D3-BF4B-00C04F79EFBC}") = "02. Summer Outfit", "02. Summer Outfit.csproj", "{C7B760F0-0E92-4295-8FA7-2D815A2D1C72}"
EndProject
Project("{FAE04EC0-301F-11D3-BF4B-00C04F79EFBC}") = "03. New House", "..\03. New House\03. New House.csproj", "{C6609475-BC23-4A1E-AB2B-C04144A17099}"
EndProject
Project("{FAE04EC0-301F-11D3-BF4B-00C04F79EFBC}") = "04. Fishing Boat", "..\04. Fishing Boat\04. Fishing Boat.csproj", "{55445BE4-F1A9-47AD-A56B-838A6112F708}"
EndProject
Global
	GlobalSection(SolutionConfigurationPlatforms) = preSolution
		Debug|Any CPU = Debug|Any CPU
		Release|Any CPU = Release|Any CPU
	EndGlobalSection
	GlobalSection(ProjectConfigurationPlatforms) = postSolution
		{F03C5AFE-286E-492F-8AF5-9D9E848830AC}.Debug|Any CPU.ActiveCfg = Debug|Any CPU
		{F03C5AFE-286E-492F-8AF5-9D9E848830AC}.Debug|Any CPU.Build.0 = Debug|Any CPU
		{F03C5AFE-286E-492F-8AF5-9D9E848830AC}.Release|Any CPU.ActiveCfg = Release|Any CPU
		{F03C5AFE-286E-492F-8AF5-9D9E848830AC}.Release|Any CPU.Build.0 = Release|Any CPU
		{C7B760F0-0E92-4295-8FA7-2D815A2D1C72}.Debug|Any CPU.ActiveCfg = Debug|Any CPU
		{C7B760F0-0E92-4295-8FA7-2D815A2D1C72}.Debug|Any CPU.Build.0 = Debug|Any CPU
		{C7B760F0-0E92-4295-8FA7-2D815A2D1C72}.Release|Any CPU.ActiveCfg = Release|Any CPU
		{C7B760F0-0E92-4295-8FA7-2D815A2D1C72}.Release|Any CPU.Build.0 = Release|Any CPU
		{C6609475-BC23-4A1E-AB2B-C04144A17099}.Debug|Any CPU.ActiveCfg = Debug|Any CPU
		{C6609475-BC23-4A1E-AB2B-C04144A17099}.Debug|Any CPU.Build.0 = Debug|Any CPU
		{C6609475-BC23-4A1E-AB2B-C04144A17099}.Release|Any CPU.ActiveCfg = Release|Any CPU
		{C6609475-BC23-4A1E-AB2B-C04144A17099}.Release|Any CPU.Build.0 = Release|Any CPU
		{55445BE4-F1A9-47AD-A56B-838A6112F708}.Debug|Any CPU.ActiveCfg = Debug|Any CPU
		{55445BE4-F1A9-47AD-A56B-838A6112F708}.Debug|Any CPU.Build.0 = Debug|Any CPU
		{55445BE4-F1A9-47AD-A56B-838A6112F708}.Release|Any CPU.ActiveCfg = Release|Any CPU
		{55445BE4-F1A9-47AD-A56B-838A6112F708}.Release|Any CPU.Build.0 = Release|Any CPU
	EndGlobalSection
	GlobalSection(SolutionProperties) = preSolution
		HideSolutionNode = FALSE
	EndGlobalSection
	GlobalSection(ExtensibilityGlobals) = postSolution
		SolutionGuid = {7E3C6BD7-5B4C-45EE-AAA0-CE932D5D4687}
	EndGlobalSection
EndGlobal
