
Microsoft Visual Studio Solution File, Format Version 12.00
# Visual Studio Version 17
VisualStudioVersion = 17.0.32014.148
MinimumVisualStudioVersion = 10.0.40219.1
Project("{FAE04EC0-301F-11D3-BF4B-00C04F79EFBC}") = "ExcellentGrade", "ExcellentGrade\ExcellentGrade.csproj", "{1CB6A7B3-E68F-440E-922E-861D95C64827}"
EndProject
Project("{FAE04EC0-301F-11D3-BF4B-00C04F79EFBC}") = "BiggerNumber", "BiggerNumber\BiggerNumber.csproj", "{36FEC18D-1D91-446C-A73F-D9046EAE6738}"
EndProject
Project("{FAE04EC0-301F-11D3-BF4B-00C04F79EFBC}") = "OddOrEven", "OddOrEven\OddOrEven.csproj", "{C94AC29B-F91F-4C7B-8291-14E2569DD388}"
EndProject
Project("{FAE04EC0-301F-11D3-BF4B-00C04F79EFBC}") = "GuessThePassword", "GuessThePassword\GuessThePassword.csproj", "{19BCA666-98CB-4315-A159-4D8F483A92C8}"
EndProject
Project("{FAE04EC0-301F-11D3-BF4B-00C04F79EFBC}") = "NumberBetween100And200", "NumberBetween100And200\NumberBetween100And200.csproj", "{33DD5AD3-7F9C-43DA-BC08-C7729385593B}"
EndProject
Project("{FAE04EC0-301F-11D3-BF4B-00C04F79EFBC}") = "SpeedInfo", "SpeedInfo\SpeedInfo.csproj", "{93E471F0-1A72-4FF2-A529-8BF193CBD13D}"
EndProject
Project("{FAE04EC0-301F-11D3-BF4B-00C04F79EFBC}") = "AreaOfFigures", "AreaOfFigures\AreaOfFigures.csproj", "{B5C52C23-45BD-4EFB-AA76-FDE127448C4C}"
EndProject
Global
	GlobalSection(SolutionConfigurationPlatforms) = preSolution
		Debug|Any CPU = Debug|Any CPU
		Release|Any CPU = Release|Any CPU
	EndGlobalSection
	GlobalSection(ProjectConfigurationPlatforms) = postSolution
		{1CB6A7B3-E68F-440E-922E-861D95C64827}.Debug|Any CPU.ActiveCfg = Debug|Any CPU
		{1CB6A7B3-E68F-440E-922E-861D95C64827}.Debug|Any CPU.Build.0 = Debug|Any CPU
		{1CB6A7B3-E68F-440E-922E-861D95C64827}.Release|Any CPU.ActiveCfg = Release|Any CPU
		{1CB6A7B3-E68F-440E-922E-861D95C64827}.Release|Any CPU.Build.0 = Release|Any CPU
		{36FEC18D-1D91-446C-A73F-D9046EAE6738}.Debug|Any CPU.ActiveCfg = Debug|Any CPU
		{36FEC18D-1D91-446C-A73F-D9046EAE6738}.Debug|Any CPU.Build.0 = Debug|Any CPU
		{36FEC18D-1D91-446C-A73F-D9046EAE6738}.Release|Any CPU.ActiveCfg = Release|Any CPU
		{36FEC18D-1D91-446C-A73F-D9046EAE6738}.Release|Any CPU.Build.0 = Release|Any CPU
		{C94AC29B-F91F-4C7B-8291-14E2569DD388}.Debug|Any CPU.ActiveCfg = Debug|Any CPU
		{C94AC29B-F91F-4C7B-8291-14E2569DD388}.Debug|Any CPU.Build.0 = Debug|Any CPU
		{C94AC29B-F91F-4C7B-8291-14E2569DD388}.Release|Any CPU.ActiveCfg = Release|Any CPU
		{C94AC29B-F91F-4C7B-8291-14E2569DD388}.Release|Any CPU.Build.0 = Release|Any CPU
		{19BCA666-98CB-4315-A159-4D8F483A92C8}.Debug|Any CPU.ActiveCfg = Debug|Any CPU
		{19BCA666-98CB-4315-A159-4D8F483A92C8}.Debug|Any CPU.Build.0 = Debug|Any CPU
		{19BCA666-98CB-4315-A159-4D8F483A92C8}.Release|Any CPU.ActiveCfg = Release|Any CPU
		{19BCA666-98CB-4315-A159-4D8F483A92C8}.Release|Any CPU.Build.0 = Release|Any CPU
		{33DD5AD3-7F9C-43DA-BC08-C7729385593B}.Debug|Any CPU.ActiveCfg = Debug|Any CPU
		{33DD5AD3-7F9C-43DA-BC08-C7729385593B}.Debug|Any CPU.Build.0 = Debug|Any CPU
		{33DD5AD3-7F9C-43DA-BC08-C7729385593B}.Release|Any CPU.ActiveCfg = Release|Any CPU
		{33DD5AD3-7F9C-43DA-BC08-C7729385593B}.Release|Any CPU.Build.0 = Release|Any CPU
		{93E471F0-1A72-4FF2-A529-8BF193CBD13D}.Debug|Any CPU.ActiveCfg = Debug|Any CPU
		{93E471F0-1A72-4FF2-A529-8BF193CBD13D}.Debug|Any CPU.Build.0 = Debug|Any CPU
		{93E471F0-1A72-4FF2-A529-8BF193CBD13D}.Release|Any CPU.ActiveCfg = Release|Any CPU
		{93E471F0-1A72-4FF2-A529-8BF193CBD13D}.Release|Any CPU.Build.0 = Release|Any CPU
		{B5C52C23-45BD-4EFB-AA76-FDE127448C4C}.Debug|Any CPU.ActiveCfg = Debug|Any CPU
		{B5C52C23-45BD-4EFB-AA76-FDE127448C4C}.Debug|Any CPU.Build.0 = Debug|Any CPU
		{B5C52C23-45BD-4EFB-AA76-FDE127448C4C}.Release|Any CPU.ActiveCfg = Release|Any CPU
		{B5C52C23-45BD-4EFB-AA76-FDE127448C4C}.Release|Any CPU.Build.0 = Release|Any CPU
	EndGlobalSection
	GlobalSection(SolutionProperties) = preSolution
		HideSolutionNode = FALSE
	EndGlobalSection
	GlobalSection(ExtensibilityGlobals) = postSolution
		SolutionGuid = {F421E0B0-0F4F-45AA-A204-379E7FD2FACF}
	EndGlobalSection
EndGlobal
