
Microsoft Visual Studio Solution File, Format Version 12.00
# Visual Studio Version 17
VisualStudioVersion = 17.0.32014.148
MinimumVisualStudioVersion = 10.0.40219.1
Project("{FAE04EC0-301F-11D3-BF4B-00C04F79EFBC}") = "PerimeterAndTheAreaOfSquare", "PerimeterAndTheAreaOfSquare\PerimeterAndTheAreaOfSquare.csproj", "{B532FC02-54F9-4736-A380-052A2677488B}"
EndProject
Global
	GlobalSection(SolutionConfigurationPlatforms) = preSolution
		Debug|Any CPU = Debug|Any CPU
		Release|Any CPU = Release|Any CPU
	EndGlobalSection
	GlobalSection(ProjectConfigurationPlatforms) = postSolution
		{B532FC02-54F9-4736-A380-052A2677488B}.Debug|Any CPU.ActiveCfg = Debug|Any CPU
		{B532FC02-54F9-4736-A380-052A2677488B}.Debug|Any CPU.Build.0 = Debug|Any CPU
		{B532FC02-54F9-4736-A380-052A2677488B}.Release|Any CPU.ActiveCfg = Release|Any CPU
		{B532FC02-54F9-4736-A380-052A2677488B}.Release|Any CPU.Build.0 = Release|Any CPU
	EndGlobalSection
	GlobalSection(SolutionProperties) = preSolution
		HideSolutionNode = FALSE
	EndGlobalSection
	GlobalSection(ExtensibilityGlobals) = postSolution
		SolutionGuid = {C0FAE228-368D-4B12-9AFF-C8580DEA1ACF}
	EndGlobalSection
EndGlobal
