
Microsoft Visual Studio Solution File, Format Version 12.00
# Visual Studio Version 17
VisualStudioVersion = 17.0.32014.148
MinimumVisualStudioVersion = 10.0.40219.1
Project("{FAE04EC0-301F-11D3-BF4B-00C04F79EFBC}") = "1.Nums End In7", "1.Nums End In7\1.Nums End In7.csproj", "{24F03A3D-6D2D-4D27-B8EE-954517AC7A0C}"
EndProject
Project("{FAE04EC0-301F-11D3-BF4B-00C04F79EFBC}") = "02. Half Sum Element", "02. Half Sum Element\02. Half Sum Element.csproj", "{A8096F53-6F8E-4436-800F-06B227F4D3CD}"
EndProject
Global
	GlobalSection(SolutionConfigurationPlatforms) = preSolution
		Debug|Any CPU = Debug|Any CPU
		Release|Any CPU = Release|Any CPU
	EndGlobalSection
	GlobalSection(ProjectConfigurationPlatforms) = postSolution
		{24F03A3D-6D2D-4D27-B8EE-954517AC7A0C}.Debug|Any CPU.ActiveCfg = Debug|Any CPU
		{24F03A3D-6D2D-4D27-B8EE-954517AC7A0C}.Debug|Any CPU.Build.0 = Debug|Any CPU
		{24F03A3D-6D2D-4D27-B8EE-954517AC7A0C}.Release|Any CPU.ActiveCfg = Release|Any CPU
		{24F03A3D-6D2D-4D27-B8EE-954517AC7A0C}.Release|Any CPU.Build.0 = Release|Any CPU
		{A8096F53-6F8E-4436-800F-06B227F4D3CD}.Debug|Any CPU.ActiveCfg = Debug|Any CPU
		{A8096F53-6F8E-4436-800F-06B227F4D3CD}.Debug|Any CPU.Build.0 = Debug|Any CPU
		{A8096F53-6F8E-4436-800F-06B227F4D3CD}.Release|Any CPU.ActiveCfg = Release|Any CPU
		{A8096F53-6F8E-4436-800F-06B227F4D3CD}.Release|Any CPU.Build.0 = Release|Any CPU
	EndGlobalSection
	GlobalSection(SolutionProperties) = preSolution
		HideSolutionNode = FALSE
	EndGlobalSection
	GlobalSection(ExtensibilityGlobals) = postSolution
		SolutionGuid = {2ABE4DDE-FE09-4DEE-A9FB-B8FA80B98A3B}
	EndGlobalSection
EndGlobal
