
Microsoft Visual Studio Solution File, Format Version 12.00
# Visual Studio Version 17
VisualStudioVersion = 17.0.32014.148
MinimumVisualStudioVersion = 10.0.40219.1
Project("{FAE04EC0-301F-11D3-BF4B-00C04F79EFBC}") = "Sum Seconds", "Sum Seconds\Sum Seconds.csproj", "{CBB0F25B-6A35-4600-946F-92D604911BA0}"
EndProject
Project("{FAE04EC0-301F-11D3-BF4B-00C04F79EFBC}") = "Bonus Score", "Bonus Score\Bonus Score.csproj", "{072219B5-9521-411A-9D6A-D503D0373B38}"
EndProject
Project("{FAE04EC0-301F-11D3-BF4B-00C04F79EFBC}") = "Time + 15 Minutes", "Time + 15 Minutes\Time + 15 Minutes.csproj", "{F2C992A3-D9A4-4679-9D09-DD54FB65AD42}"
EndProject
Project("{FAE04EC0-301F-11D3-BF4B-00C04F79EFBC}") = "Toy Shop", "Toy Shop\Toy Shop.csproj", "{BBA458F4-06EA-4B8F-BA92-E9294557A511}"
EndProject
Project("{FAE04EC0-301F-11D3-BF4B-00C04F79EFBC}") = "Godzilla vs. Kong", "Godzilla vs. Kong\Godzilla vs. Kong.csproj", "{55A26283-1DE9-4931-8AEF-777039B89FC9}"
EndProject
Global
	GlobalSection(SolutionConfigurationPlatforms) = preSolution
		Debug|Any CPU = Debug|Any CPU
		Release|Any CPU = Release|Any CPU
	EndGlobalSection
	GlobalSection(ProjectConfigurationPlatforms) = postSolution
		{CBB0F25B-6A35-4600-946F-92D604911BA0}.Debug|Any CPU.ActiveCfg = Debug|Any CPU
		{CBB0F25B-6A35-4600-946F-92D604911BA0}.Debug|Any CPU.Build.0 = Debug|Any CPU
		{CBB0F25B-6A35-4600-946F-92D604911BA0}.Release|Any CPU.ActiveCfg = Release|Any CPU
		{CBB0F25B-6A35-4600-946F-92D604911BA0}.Release|Any CPU.Build.0 = Release|Any CPU
		{072219B5-9521-411A-9D6A-D503D0373B38}.Debug|Any CPU.ActiveCfg = Debug|Any CPU
		{072219B5-9521-411A-9D6A-D503D0373B38}.Debug|Any CPU.Build.0 = Debug|Any CPU
		{072219B5-9521-411A-9D6A-D503D0373B38}.Release|Any CPU.ActiveCfg = Release|Any CPU
		{072219B5-9521-411A-9D6A-D503D0373B38}.Release|Any CPU.Build.0 = Release|Any CPU
		{F2C992A3-D9A4-4679-9D09-DD54FB65AD42}.Debug|Any CPU.ActiveCfg = Debug|Any CPU
		{F2C992A3-D9A4-4679-9D09-DD54FB65AD42}.Debug|Any CPU.Build.0 = Debug|Any CPU
		{F2C992A3-D9A4-4679-9D09-DD54FB65AD42}.Release|Any CPU.ActiveCfg = Release|Any CPU
		{F2C992A3-D9A4-4679-9D09-DD54FB65AD42}.Release|Any CPU.Build.0 = Release|Any CPU
		{BBA458F4-06EA-4B8F-BA92-E9294557A511}.Debug|Any CPU.ActiveCfg = Debug|Any CPU
		{BBA458F4-06EA-4B8F-BA92-E9294557A511}.Debug|Any CPU.Build.0 = Debug|Any CPU
		{BBA458F4-06EA-4B8F-BA92-E9294557A511}.Release|Any CPU.ActiveCfg = Release|Any CPU
		{BBA458F4-06EA-4B8F-BA92-E9294557A511}.Release|Any CPU.Build.0 = Release|Any CPU
		{55A26283-1DE9-4931-8AEF-777039B89FC9}.Debug|Any CPU.ActiveCfg = Debug|Any CPU
		{55A26283-1DE9-4931-8AEF-777039B89FC9}.Debug|Any CPU.Build.0 = Debug|Any CPU
		{55A26283-1DE9-4931-8AEF-777039B89FC9}.Release|Any CPU.ActiveCfg = Release|Any CPU
		{55A26283-1DE9-4931-8AEF-777039B89FC9}.Release|Any CPU.Build.0 = Release|Any CPU
	EndGlobalSection
	GlobalSection(SolutionProperties) = preSolution
		HideSolutionNode = FALSE
	EndGlobalSection
	GlobalSection(ExtensibilityGlobals) = postSolution
		SolutionGuid = {2DE0BA83-6937-48E8-8519-921289C65406}
	EndGlobalSection
EndGlobal
