
Microsoft Visual Studio Solution File, Format Version 12.00
# Visual Studio Version 17
VisualStudioVersion = 17.0.32014.148
MinimumVisualStudioVersion = 10.0.40219.1
Project("{FAE04EC0-301F-11D3-BF4B-00C04F79EFBC}") = "ChangingSignOfANumber", "ChangingSignOfANumber\ChangingSignOfANumber.csproj", "{5379FD77-81C8-4FD2-9FCC-6F0B8600D16E}"
EndProject
Global
	GlobalSection(SolutionConfigurationPlatforms) = preSolution
		Debug|Any CPU = Debug|Any CPU
		Release|Any CPU = Release|Any CPU
	EndGlobalSection
	GlobalSection(ProjectConfigurationPlatforms) = postSolution
		{5379FD77-81C8-4FD2-9FCC-6F0B8600D16E}.Debug|Any CPU.ActiveCfg = Debug|Any CPU
		{5379FD77-81C8-4FD2-9FCC-6F0B8600D16E}.Debug|Any CPU.Build.0 = Debug|Any CPU
		{5379FD77-81C8-4FD2-9FCC-6F0B8600D16E}.Release|Any CPU.ActiveCfg = Release|Any CPU
		{5379FD77-81C8-4FD2-9FCC-6F0B8600D16E}.Release|Any CPU.Build.0 = Release|Any CPU
	EndGlobalSection
	GlobalSection(SolutionProperties) = preSolution
		HideSolutionNode = FALSE
	EndGlobalSection
	GlobalSection(ExtensibilityGlobals) = postSolution
		SolutionGuid = {AC6D726A-B506-48FE-BA4C-23E2CE4F0F29}
	EndGlobalSection
EndGlobal
